// !$*UTF8*$!
{
	archiveVersion = 1;
	classes = {
	};
	objectVersion = 56;
	objects = {

/* Begin PBXBuildFile section */
		C72F2A562A94CA8C009BE133 /* AppDelegate.swift in Sources */ = {isa = PBXBuildFile; fileRef = C72F2A552A94CA8C009BE133 /* AppDelegate.swift */; };
		C72F2A582A94CA8C009BE133 /* SceneDelegate.swift in Sources */ = {isa = PBXBuildFile; fileRef = C72F2A572A94CA8C009BE133 /* SceneDelegate.swift */; };
		C72F2A5A2A94CA8C009BE133 /* ViewController.swift in Sources */ = {isa = PBXBuildFile; fileRef = C72F2A592A94CA8C009BE133 /* ViewController.swift */; };
		C72F2A5D2A94CA8C009BE133 /* Main.storyboard in Resources */ = {isa = PBXBuildFile; fileRef = C72F2A5B2A94CA8C009BE133 /* Main.storyboard */; };
		C72F2A5F2A94CA8D009BE133 /* Assets.xcassets in Resources */ = {isa = PBXBuildFile; fileRef = C72F2A5E2A94CA8D009BE133 /* Assets.xcassets */; };
		C72F2A622A94CA8D009BE133 /* LaunchScreen.storyboard in Resources */ = {isa = PBXBuildFile; fileRef = C72F2A602A94CA8D009BE133 /* LaunchScreen.storyboard */; };
		C72F2A6B2A94CE74009BE133 /* Example1ViewController.swift in Sources */ = {isa = PBXBuildFile; fileRef = C72F2A6A2A94CE74009BE133 /* Example1ViewController.swift */; };
		C72F2A6E2A94F8D0009BE133 /* Example2ViewController.swift in Sources */ = {isa = PBXBuildFile; fileRef = C72F2A6D2A94F8D0009BE133 /* Example2ViewController.swift */; };
		C72F2A702A958D2E009BE133 /* LocationViewController.swift in Sources */ = {isa = PBXBuildFile; fileRef = C72F2A6F2A958D2E009BE133 /* LocationViewController.swift */; };
		C72F2A732A95A0AF009BE133 /* SnapKit in Frameworks */ = {isa = PBXBuildFile; productRef = C72F2A722A95A0AF009BE133 /* SnapKit */; };
		C72F2A7E2A96F0EA009BE133 /* GenericViewController.swift in Sources */ = {isa = PBXBuildFile; fileRef = C72F2A7D2A96F0EA009BE133 /* GenericViewController.swift */; };
		C72F2A802A96F165009BE133 /* UIViewController+.swift in Sources */ = {isa = PBXBuildFile; fileRef = C72F2A7F2A96F165009BE133 /* UIViewController+.swift */; };
		C72F2A822A971D03009BE133 /* CustomViewController.swift in Sources */ = {isa = PBXBuildFile; fileRef = C72F2A812A971D03009BE133 /* CustomViewController.swift */; };
		C72F2A842A971E70009BE133 /* BaseTextField.swift in Sources */ = {isa = PBXBuildFile; fileRef = C72F2A832A971E70009BE133 /* BaseTextField.swift */; };
		C72F2A862A972A5C009BE133 /* CustomtableViewController.swift in Sources */ = {isa = PBXBuildFile; fileRef = C72F2A852A972A5C009BE133 /* CustomtableViewController.swift */; };
		C72F2A892A979156009BE133 /* NetflixHomeViewController.swift in Sources */ = {isa = PBXBuildFile; fileRef = C72F2A882A979156009BE133 /* NetflixHomeViewController.swift */; };
		C72F2A8C2A979180009BE133 /* DefaultLabel.swift in Sources */ = {isa = PBXBuildFile; fileRef = C72F2A8B2A979180009BE133 /* DefaultLabel.swift */; };
		C72F2A8E2A97980C009BE133 /* DefaultImageView.swift in Sources */ = {isa = PBXBuildFile; fileRef = C72F2A8D2A97980C009BE133 /* DefaultImageView.swift */; };
		C72F2A902A97AD2C009BE133 /* DefaultButton.swift in Sources */ = {isa = PBXBuildFile; fileRef = C72F2A8F2A97AD2C009BE133 /* DefaultButton.swift */; };
		C72F2A922A9851D1009BE133 /* CustomPageViewController.swift in Sources */ = {isa = PBXBuildFile; fileRef = C72F2A912A9851D1009BE133 /* CustomPageViewController.swift */; };
		C72F2A942A98E8C6009BE133 /* NetflixRegisterViewController.swift in Sources */ = {isa = PBXBuildFile; fileRef = C72F2A932A98E8C6009BE133 /* NetflixRegisterViewController.swift */; };
		C72F2A962A98E8D7009BE133 /* DefaultTextField.swift in Sources */ = {isa = PBXBuildFile; fileRef = C72F2A952A98E8D7009BE133 /* DefaultTextField.swift */; };
/* End PBXBuildFile section */

/* Begin PBXFileReference section */
		C72F2A522A94CA8C009BE133 /* CodeLayout.app */ = {isa = PBXFileReference; explicitFileType = wrapper.application; includeInIndex = 0; path = CodeLayout.app; sourceTree = BUILT_PRODUCTS_DIR; };
		C72F2A552A94CA8C009BE133 /* AppDelegate.swift */ = {isa = PBXFileReference; lastKnownFileType = sourcecode.swift; path = AppDelegate.swift; sourceTree = "<group>"; };
		C72F2A572A94CA8C009BE133 /* SceneDelegate.swift */ = {isa = PBXFileReference; lastKnownFileType = sourcecode.swift; path = SceneDelegate.swift; sourceTree = "<group>"; };
		C72F2A592A94CA8C009BE133 /* ViewController.swift */ = {isa = PBXFileReference; lastKnownFileType = sourcecode.swift; path = ViewController.swift; sourceTree = "<group>"; };
		C72F2A5C2A94CA8C009BE133 /* Base */ = {isa = PBXFileReference; lastKnownFileType = file.storyboard; name = Base; path = Base.lproj/Main.storyboard; sourceTree = "<group>"; };
		C72F2A5E2A94CA8D009BE133 /* Assets.xcassets */ = {isa = PBXFileReference; lastKnownFileType = folder.assetcatalog; path = Assets.xcassets; sourceTree = "<group>"; };
		C72F2A612A94CA8D009BE133 /* Base */ = {isa = PBXFileReference; lastKnownFileType = file.storyboard; name = Base; path = Base.lproj/LaunchScreen.storyboard; sourceTree = "<group>"; };
		C72F2A632A94CA8D009BE133 /* Info.plist */ = {isa = PBXFileReference; lastKnownFileType = text.plist.xml; path = Info.plist; sourceTree = "<group>"; };
		C72F2A6A2A94CE74009BE133 /* Example1ViewController.swift */ = {isa = PBXFileReference; lastKnownFileType = sourcecode.swift; path = Example1ViewController.swift; sourceTree = "<group>"; };
		C72F2A6D2A94F8D0009BE133 /* Example2ViewController.swift */ = {isa = PBXFileReference; lastKnownFileType = sourcecode.swift; path = Example2ViewController.swift; sourceTree = "<group>"; };
		C72F2A6F2A958D2E009BE133 /* LocationViewController.swift */ = {isa = PBXFileReference; lastKnownFileType = sourcecode.swift; path = LocationViewController.swift; sourceTree = "<group>"; };
		C72F2A7D2A96F0EA009BE133 /* GenericViewController.swift */ = {isa = PBXFileReference; lastKnownFileType = sourcecode.swift; path = GenericViewController.swift; sourceTree = "<group>"; };
		C72F2A7F2A96F165009BE133 /* UIViewController+.swift */ = {isa = PBXFileReference; lastKnownFileType = sourcecode.swift; path = "UIViewController+.swift"; sourceTree = "<group>"; };
		C72F2A812A971D03009BE133 /* CustomViewController.swift */ = {isa = PBXFileReference; lastKnownFileType = sourcecode.swift; path = CustomViewController.swift; sourceTree = "<group>"; };
		C72F2A832A971E70009BE133 /* BaseTextField.swift */ = {isa = PBXFileReference; lastKnownFileType = sourcecode.swift; path = BaseTextField.swift; sourceTree = "<group>"; };
		C72F2A852A972A5C009BE133 /* CustomtableViewController.swift */ = {isa = PBXFileReference; lastKnownFileType = sourcecode.swift; path = CustomtableViewController.swift; sourceTree = "<group>"; };
		C72F2A882A979156009BE133 /* NetflixHomeViewController.swift */ = {isa = PBXFileReference; lastKnownFileType = sourcecode.swift; path = NetflixHomeViewController.swift; sourceTree = "<group>"; };
		C72F2A8B2A979180009BE133 /* DefaultLabel.swift */ = {isa = PBXFileReference; lastKnownFileType = sourcecode.swift; path = DefaultLabel.swift; sourceTree = "<group>"; };
		C72F2A8D2A97980C009BE133 /* DefaultImageView.swift */ = {isa = PBXFileReference; lastKnownFileType = sourcecode.swift; path = DefaultImageView.swift; sourceTree = "<group>"; };
		C72F2A8F2A97AD2C009BE133 /* DefaultButton.swift */ = {isa = PBXFileReference; lastKnownFileType = sourcecode.swift; path = DefaultButton.swift; sourceTree = "<group>"; };
		C72F2A912A9851D1009BE133 /* CustomPageViewController.swift */ = {isa = PBXFileReference; lastKnownFileType = sourcecode.swift; path = CustomPageViewController.swift; sourceTree = "<group>"; };
		C72F2A932A98E8C6009BE133 /* NetflixRegisterViewController.swift */ = {isa = PBXFileReference; lastKnownFileType = sourcecode.swift; path = NetflixRegisterViewController.swift; sourceTree = "<group>"; };
		C72F2A952A98E8D7009BE133 /* DefaultTextField.swift */ = {isa = PBXFileReference; lastKnownFileType = sourcecode.swift; path = DefaultTextField.swift; sourceTree = "<group>"; };
/* End PBXFileReference section */

/* Begin PBXFrameworksBuildPhase section */
		C72F2A4F2A94CA8C009BE133 /* Frameworks */ = {
			isa = PBXFrameworksBuildPhase;
			buildActionMask = 2147483647;
			files = (
				C72F2A732A95A0AF009BE133 /* SnapKit in Frameworks */,
			);
			runOnlyForDeploymentPostprocessing = 0;
		};
/* End PBXFrameworksBuildPhase section */

/* Begin PBXGroup section */
		C72F2A492A94CA8B009BE133 = {
			isa = PBXGroup;
			children = (
				C72F2A542A94CA8C009BE133 /* CodeLayout */,
				C72F2A532A94CA8C009BE133 /* Products */,
			);
			sourceTree = "<group>";
		};
		C72F2A532A94CA8C009BE133 /* Products */ = {
			isa = PBXGroup;
			children = (
				C72F2A522A94CA8C009BE133 /* CodeLayout.app */,
			);
			name = Products;
			sourceTree = "<group>";
		};
		C72F2A542A94CA8C009BE133 /* CodeLayout */ = {
			isa = PBXGroup;
			children = (
				C72F2A872A979148009BE133 /* Netflix */,
				C72F2A7C2A96F0DB009BE133 /* Generic */,
				C72F2A6C2A94F8C5009BE133 /* Example2 */,
				C72F2A692A94CE5F009BE133 /* Example1 */,
				C72F2A552A94CA8C009BE133 /* AppDelegate.swift */,
				C72F2A572A94CA8C009BE133 /* SceneDelegate.swift */,
				C72F2A592A94CA8C009BE133 /* ViewController.swift */,
				C72F2A6F2A958D2E009BE133 /* LocationViewController.swift */,
				C72F2A5B2A94CA8C009BE133 /* Main.storyboard */,
				C72F2A5E2A94CA8D009BE133 /* Assets.xcassets */,
				C72F2A602A94CA8D009BE133 /* LaunchScreen.storyboard */,
				C72F2A632A94CA8D009BE133 /* Info.plist */,
				C72F2A912A9851D1009BE133 /* CustomPageViewController.swift */,
			);
			path = CodeLayout;
			sourceTree = "<group>";
		};
		C72F2A692A94CE5F009BE133 /* Example1 */ = {
			isa = PBXGroup;
			children = (
				C72F2A6A2A94CE74009BE133 /* Example1ViewController.swift */,
			);
			path = Example1;
			sourceTree = "<group>";
		};
		C72F2A6C2A94F8C5009BE133 /* Example2 */ = {
			isa = PBXGroup;
			children = (
				C72F2A6D2A94F8D0009BE133 /* Example2ViewController.swift */,
			);
			path = Example2;
			sourceTree = "<group>";
		};
		C72F2A7C2A96F0DB009BE133 /* Generic */ = {
			isa = PBXGroup;
			children = (
				C72F2A7D2A96F0EA009BE133 /* GenericViewController.swift */,
				C72F2A7F2A96F165009BE133 /* UIViewController+.swift */,
				C72F2A812A971D03009BE133 /* CustomViewController.swift */,
				C72F2A832A971E70009BE133 /* BaseTextField.swift */,
				C72F2A852A972A5C009BE133 /* CustomtableViewController.swift */,
			);
			path = Generic;
			sourceTree = "<group>";
		};
		C72F2A872A979148009BE133 /* Netflix */ = {
			isa = PBXGroup;
			children = (
				C72F2A8A2A979162009BE133 /* UI */,
				C72F2A882A979156009BE133 /* NetflixHomeViewController.swift */,
				C72F2A932A98E8C6009BE133 /* NetflixRegisterViewController.swift */,
			);
			path = Netflix;
			sourceTree = "<group>";
		};
		C72F2A8A2A979162009BE133 /* UI */ = {
			isa = PBXGroup;
			children = (
				C72F2A8B2A979180009BE133 /* DefaultLabel.swift */,
				C72F2A8D2A97980C009BE133 /* DefaultImageView.swift */,
				C72F2A8F2A97AD2C009BE133 /* DefaultButton.swift */,
				C72F2A952A98E8D7009BE133 /* DefaultTextField.swift */,
			);
			path = UI;
			sourceTree = "<group>";
		};
/* End PBXGroup section */

/* Begin PBXNativeTarget section */
		C72F2A512A94CA8C009BE133 /* CodeLayout */ = {
			isa = PBXNativeTarget;
			buildConfigurationList = C72F2A662A94CA8D009BE133 /* Build configuration list for PBXNativeTarget "CodeLayout" */;
			buildPhases = (
				C72F2A4E2A94CA8C009BE133 /* Sources */,
				C72F2A4F2A94CA8C009BE133 /* Frameworks */,
				C72F2A502A94CA8C009BE133 /* Resources */,
			);
			buildRules = (
			);
			dependencies = (
			);
			name = CodeLayout;
			packageProductDependencies = (
				C72F2A722A95A0AF009BE133 /* SnapKit */,
			);
			productName = CodeLayout;
			productReference = C72F2A522A94CA8C009BE133 /* CodeLayout.app */;
			productType = "com.apple.product-type.application";
		};
/* End PBXNativeTarget section */

/* Begin PBXProject section */
		C72F2A4A2A94CA8B009BE133 /* Project object */ = {
			isa = PBXProject;
			attributes = {
				BuildIndependentTargetsInParallel = 1;
				LastSwiftUpdateCheck = 1430;
				LastUpgradeCheck = 1430;
				TargetAttributes = {
					C72F2A512A94CA8C009BE133 = {
						CreatedOnToolsVersion = 14.3.1;
					};
				};
			};
			buildConfigurationList = C72F2A4D2A94CA8B009BE133 /* Build configuration list for PBXProject "CodeLayout" */;
			compatibilityVersion = "Xcode 14.0";
			developmentRegion = en;
			hasScannedForEncodings = 0;
			knownRegions = (
				en,
				Base,
			);
			mainGroup = C72F2A492A94CA8B009BE133;
			packageReferences = (
				C72F2A712A95A0AF009BE133 /* XCRemoteSwiftPackageReference "SnapKit" */,
			);
			productRefGroup = C72F2A532A94CA8C009BE133 /* Products */;
			projectDirPath = "";
			projectRoot = "";
			targets = (
				C72F2A512A94CA8C009BE133 /* CodeLayout */,
			);
		};
/* End PBXProject section */

/* Begin PBXResourcesBuildPhase section */
		C72F2A502A94CA8C009BE133 /* Resources */ = {
			isa = PBXResourcesBuildPhase;
			buildActionMask = 2147483647;
			files = (
				C72F2A622A94CA8D009BE133 /* LaunchScreen.storyboard in Resources */,
				C72F2A5F2A94CA8D009BE133 /* Assets.xcassets in Resources */,
				C72F2A5D2A94CA8C009BE133 /* Main.storyboard in Resources */,
			);
			runOnlyForDeploymentPostprocessing = 0;
		};
/* End PBXResourcesBuildPhase section */

/* Begin PBXSourcesBuildPhase section */
		C72F2A4E2A94CA8C009BE133 /* Sources */ = {
			isa = PBXSourcesBuildPhase;
			buildActionMask = 2147483647;
			files = (
				C72F2A922A9851D1009BE133 /* CustomPageViewController.swift in Sources */,
				C72F2A822A971D03009BE133 /* CustomViewController.swift in Sources */,
				C72F2A942A98E8C6009BE133 /* NetflixRegisterViewController.swift in Sources */,
				C72F2A5A2A94CA8C009BE133 /* ViewController.swift in Sources */,
				C72F2A862A972A5C009BE133 /* CustomtableViewController.swift in Sources */,
				C72F2A842A971E70009BE133 /* BaseTextField.swift in Sources */,
				C72F2A562A94CA8C009BE133 /* AppDelegate.swift in Sources */,
				C72F2A802A96F165009BE133 /* UIViewController+.swift in Sources */,
				C72F2A6E2A94F8D0009BE133 /* Example2ViewController.swift in Sources */,
				C72F2A892A979156009BE133 /* NetflixHomeViewController.swift in Sources */,
				C72F2A702A958D2E009BE133 /* LocationViewController.swift in Sources */,
				C72F2A7E2A96F0EA009BE133 /* GenericViewController.swift in Sources */,
				C72F2A902A97AD2C009BE133 /* DefaultButton.swift in Sources */,
				C72F2A962A98E8D7009BE133 /* DefaultTextField.swift in Sources */,
				C72F2A582A94CA8C009BE133 /* SceneDelegate.swift in Sources */,
				C72F2A8C2A979180009BE133 /* DefaultLabel.swift in Sources */,
				C72F2A8E2A97980C009BE133 /* DefaultImageView.swift in Sources */,
				C72F2A6B2A94CE74009BE133 /* Example1ViewController.swift in Sources */,
			);
			runOnlyForDeploymentPostprocessing = 0;
		};
/* End PBXSourcesBuildPhase section */

/* Begin PBXVariantGroup section */
		C72F2A5B2A94CA8C009BE133 /* Main.storyboard */ = {
			isa = PBXVariantGroup;
			children = (
				C72F2A5C2A94CA8C009BE133 /* Base */,
			);
			name = Main.storyboard;
			sourceTree = "<group>";
		};
		C72F2A602A94CA8D009BE133 /* LaunchScreen.storyboard */ = {
			isa = PBXVariantGroup;
			children = (
				C72F2A612A94CA8D009BE133 /* Base */,
			);
			name = LaunchScreen.storyboard;
			sourceTree = "<group>";
		};
/* End PBXVariantGroup section */

/* Begin XCBuildConfiguration section */
		C72F2A642A94CA8D009BE133 /* Debug */ = {
			isa = XCBuildConfiguration;
			buildSettings = {
				ALWAYS_SEARCH_USER_PATHS = NO;
				CLANG_ANALYZER_NONNULL = YES;
				CLANG_ANALYZER_NUMBER_OBJECT_CONVERSION = YES_AGGRESSIVE;
				CLANG_CXX_LANGUAGE_STANDARD = "gnu++20";
				CLANG_ENABLE_MODULES = YES;
				CLANG_ENABLE_OBJC_ARC = YES;
				CLANG_ENABLE_OBJC_WEAK = YES;
				CLANG_WARN_BLOCK_CAPTURE_AUTORELEASING = YES;
				CLANG_WARN_BOOL_CONVERSION = YES;
				CLANG_WARN_COMMA = YES;
				CLANG_WARN_CONSTANT_CONVERSION = YES;
				CLANG_WARN_DEPRECATED_OBJC_IMPLEMENTATIONS = YES;
				CLANG_WARN_DIRECT_OBJC_ISA_USAGE = YES_ERROR;
				CLANG_WARN_DOCUMENTATION_COMMENTS = YES;
				CLANG_WARN_EMPTY_BODY = YES;
				CLANG_WARN_ENUM_CONVERSION = YES;
				CLANG_WARN_INFINITE_RECURSION = YES;
				CLANG_WARN_INT_CONVERSION = YES;
				CLANG_WARN_NON_LITERAL_NULL_CONVERSION = YES;
				CLANG_WARN_OBJC_IMPLICIT_RETAIN_SELF = YES;
				CLANG_WARN_OBJC_LITERAL_CONVERSION = YES;
				CLANG_WARN_OBJC_ROOT_CLASS = YES_ERROR;
				CLANG_WARN_QUOTED_INCLUDE_IN_FRAMEWORK_HEADER = YES;
				CLANG_WARN_RANGE_LOOP_ANALYSIS = YES;
				CLANG_WARN_STRICT_PROTOTYPES = YES;
				CLANG_WARN_SUSPICIOUS_MOVE = YES;
				CLANG_WARN_UNGUARDED_AVAILABILITY = YES_AGGRESSIVE;
				CLANG_WARN_UNREACHABLE_CODE = YES;
				CLANG_WARN__DUPLICATE_METHOD_MATCH = YES;
				COPY_PHASE_STRIP = NO;
				DEBUG_INFORMATION_FORMAT = dwarf;
				ENABLE_STRICT_OBJC_MSGSEND = YES;
				ENABLE_TESTABILITY = YES;
				GCC_C_LANGUAGE_STANDARD = gnu11;
				GCC_DYNAMIC_NO_PIC = NO;
				GCC_NO_COMMON_BLOCKS = YES;
				GCC_OPTIMIZATION_LEVEL = 0;
				GCC_PREPROCESSOR_DEFINITIONS = (
					"DEBUG=1",
					"$(inherited)",
				);
				GCC_WARN_64_TO_32_BIT_CONVERSION = YES;
				GCC_WARN_ABOUT_RETURN_TYPE = YES_ERROR;
				GCC_WARN_UNDECLARED_SELECTOR = YES;
				GCC_WARN_UNINITIALIZED_AUTOS = YES_AGGRESSIVE;
				GCC_WARN_UNUSED_FUNCTION = YES;
				GCC_WARN_UNUSED_VARIABLE = YES;
				IPHONEOS_DEPLOYMENT_TARGET = 16.4;
				MTL_ENABLE_DEBUG_INFO = INCLUDE_SOURCE;
				MTL_FAST_MATH = YES;
				ONLY_ACTIVE_ARCH = YES;
				SDKROOT = iphoneos;
				SWIFT_ACTIVE_COMPILATION_CONDITIONS = DEBUG;
				SWIFT_OPTIMIZATION_LEVEL = "-Onone";
			};
			name = Debug;
		};
		C72F2A652A94CA8D009BE133 /* Release */ = {
			isa = XCBuildConfiguration;
			buildSettings = {
				ALWAYS_SEARCH_USER_PATHS = NO;
				CLANG_ANALYZER_NONNULL = YES;
				CLANG_ANALYZER_NUMBER_OBJECT_CONVERSION = YES_AGGRESSIVE;
				CLANG_CXX_LANGUAGE_STANDARD = "gnu++20";
				CLANG_ENABLE_MODULES = YES;
				CLANG_ENABLE_OBJC_ARC = YES;
				CLANG_ENABLE_OBJC_WEAK = YES;
				CLANG_WARN_BLOCK_CAPTURE_AUTORELEASING = YES;
				CLANG_WARN_BOOL_CONVERSION = YES;
				CLANG_WARN_COMMA = YES;
				CLANG_WARN_CONSTANT_CONVERSION = YES;
				CLANG_WARN_DEPRECATED_OBJC_IMPLEMENTATIONS = YES;
				CLANG_WARN_DIRECT_OBJC_ISA_USAGE = YES_ERROR;
				CLANG_WARN_DOCUMENTATION_COMMENTS = YES;
				CLANG_WARN_EMPTY_BODY = YES;
				CLANG_WARN_ENUM_CONVERSION = YES;
				CLANG_WARN_INFINITE_RECURSION = YES;
				CLANG_WARN_INT_CONVERSION = YES;
				CLANG_WARN_NON_LITERAL_NULL_CONVERSION = YES;
				CLANG_WARN_OBJC_IMPLICIT_RETAIN_SELF = YES;
				CLANG_WARN_OBJC_LITERAL_CONVERSION = YES;
				CLANG_WARN_OBJC_ROOT_CLASS = YES_ERROR;
				CLANG_WARN_QUOTED_INCLUDE_IN_FRAMEWORK_HEADER = YES;
				CLANG_WARN_RANGE_LOOP_ANALYSIS = YES;
				CLANG_WARN_STRICT_PROTOTYPES = YES;
				CLANG_WARN_SUSPICIOUS_MOVE = YES;
				CLANG_WARN_UNGUARDED_AVAILABILITY = YES_AGGRESSIVE;
				CLANG_WARN_UNREACHABLE_CODE = YES;
				CLANG_WARN__DUPLICATE_METHOD_MATCH = YES;
				COPY_PHASE_STRIP = NO;
				DEBUG_INFORMATION_FORMAT = "dwarf-with-dsym";
				ENABLE_NS_ASSERTIONS = NO;
				ENABLE_STRICT_OBJC_MSGSEND = YES;
				GCC_C_LANGUAGE_STANDARD = gnu11;
				GCC_NO_COMMON_BLOCKS = YES;
				GCC_WARN_64_TO_32_BIT_CONVERSION = YES;
				GCC_WARN_ABOUT_RETURN_TYPE = YES_ERROR;
				GCC_WARN_UNDECLARED_SELECTOR = YES;
				GCC_WARN_UNINITIALIZED_AUTOS = YES_AGGRESSIVE;
				GCC_WARN_UNUSED_FUNCTION = YES;
				GCC_WARN_UNUSED_VARIABLE = YES;
				IPHONEOS_DEPLOYMENT_TARGET = 16.4;
				MTL_ENABLE_DEBUG_INFO = NO;
				MTL_FAST_MATH = YES;
				SDKROOT = iphoneos;
				SWIFT_COMPILATION_MODE = wholemodule;
				SWIFT_OPTIMIZATION_LEVEL = "-O";
				VALIDATE_PRODUCT = YES;
			};
			name = Release;
		};
		C72F2A672A94CA8D009BE133 /* Debug */ = {
			isa = XCBuildConfiguration;
			buildSettings = {
				ASSETCATALOG_COMPILER_APPICON_NAME = AppIcon;
				ASSETCATALOG_COMPILER_GLOBAL_ACCENT_COLOR_NAME = AccentColor;
				CODE_SIGN_STYLE = Automatic;
				CURRENT_PROJECT_VERSION = 1;
				DEVELOPMENT_TEAM = SBAHW5F54N;
				GENERATE_INFOPLIST_FILE = YES;
				INFOPLIST_FILE = CodeLayout/Info.plist;
				INFOPLIST_KEY_NSLocationWhenInUseUsageDescription = "위치정보를 가져옵니다.";
				INFOPLIST_KEY_UIApplicationSupportsIndirectInputEvents = YES;
				INFOPLIST_KEY_UILaunchStoryboardName = LaunchScreen;
				INFOPLIST_KEY_UIMainStoryboardFile = Main;
				INFOPLIST_KEY_UISupportedInterfaceOrientations_iPad = "UIInterfaceOrientationPortrait UIInterfaceOrientationPortraitUpsideDown UIInterfaceOrientationLandscapeLeft UIInterfaceOrientationLandscapeRight";
				INFOPLIST_KEY_UISupportedInterfaceOrientations_iPhone = "UIInterfaceOrientationPortrait UIInterfaceOrientationLandscapeLeft UIInterfaceOrientationLandscapeRight";
				LD_RUNPATH_SEARCH_PATHS = (
					"$(inherited)",
					"@executable_path/Frameworks",
				);
				MARKETING_VERSION = 1.0;
				PRODUCT_BUNDLE_IDENTIFIER = com.kimjunhwan.CodeLayout;
				PRODUCT_NAME = "$(TARGET_NAME)";
				SWIFT_EMIT_LOC_STRINGS = YES;
				SWIFT_VERSION = 5.0;
				TARGETED_DEVICE_FAMILY = "1,2";
			};
			name = Debug;
		};
		C72F2A682A94CA8D009BE133 /* Release */ = {
			isa = XCBuildConfiguration;
			buildSettings = {
				ASSETCATALOG_COMPILER_APPICON_NAME = AppIcon;
				ASSETCATALOG_COMPILER_GLOBAL_ACCENT_COLOR_NAME = AccentColor;
				CODE_SIGN_STYLE = Automatic;
				CURRENT_PROJECT_VERSION = 1;
				DEVELOPMENT_TEAM = SBAHW5F54N;
				GENERATE_INFOPLIST_FILE = YES;
				INFOPLIST_FILE = CodeLayout/Info.plist;
				INFOPLIST_KEY_NSLocationWhenInUseUsageDescription = "위치정보를 가져옵니다.";
				INFOPLIST_KEY_UIApplicationSupportsIndirectInputEvents = YES;
				INFOPLIST_KEY_UILaunchStoryboardName = LaunchScreen;
				INFOPLIST_KEY_UIMainStoryboardFile = Main;
				INFOPLIST_KEY_UISupportedInterfaceOrientations_iPad = "UIInterfaceOrientationPortrait UIInterfaceOrientationPortraitUpsideDown UIInterfaceOrientationLandscapeLeft UIInterfaceOrientationLandscapeRight";
				INFOPLIST_KEY_UISupportedInterfaceOrientations_iPhone = "UIInterfaceOrientationPortrait UIInterfaceOrientationLandscapeLeft UIInterfaceOrientationLandscapeRight";
				LD_RUNPATH_SEARCH_PATHS = (
					"$(inherited)",
					"@executable_path/Frameworks",
				);
				MARKETING_VERSION = 1.0;
				PRODUCT_BUNDLE_IDENTIFIER = com.kimjunhwan.CodeLayout;
				PRODUCT_NAME = "$(TARGET_NAME)";
				SWIFT_EMIT_LOC_STRINGS = YES;
				SWIFT_VERSION = 5.0;
				TARGETED_DEVICE_FAMILY = "1,2";
			};
			name = Release;
		};
/* End XCBuildConfiguration section */

/* Begin XCConfigurationList section */
		C72F2A4D2A94CA8B009BE133 /* Build configuration list for PBXProject "CodeLayout" */ = {
			isa = XCConfigurationList;
			buildConfigurations = (
				C72F2A642A94CA8D009BE133 /* Debug */,
				C72F2A652A94CA8D009BE133 /* Release */,
			);
			defaultConfigurationIsVisible = 0;
			defaultConfigurationName = Release;
		};
		C72F2A662A94CA8D009BE133 /* Build configuration list for PBXNativeTarget "CodeLayout" */ = {
			isa = XCConfigurationList;
			buildConfigurations = (
				C72F2A672A94CA8D009BE133 /* Debug */,
				C72F2A682A94CA8D009BE133 /* Release */,
			);
			defaultConfigurationIsVisible = 0;
			defaultConfigurationName = Release;
		};
/* End XCConfigurationList section */

/* Begin XCRemoteSwiftPackageReference section */
		C72F2A712A95A0AF009BE133 /* XCRemoteSwiftPackageReference "SnapKit" */ = {
			isa = XCRemoteSwiftPackageReference;
			repositoryURL = "https://github.com/SnapKit/SnapKit.git";
			requirement = {
				kind = upToNextMajorVersion;
				minimumVersion = 5.0.0;
			};
		};
/* End XCRemoteSwiftPackageReference section */

/* Begin XCSwiftPackageProductDependency section */
		C72F2A722A95A0AF009BE133 /* SnapKit */ = {
			isa = XCSwiftPackageProductDependency;
			package = C72F2A712A95A0AF009BE133 /* XCRemoteSwiftPackageReference "SnapKit" */;
			productName = SnapKit;
		};
/* End XCSwiftPackageProductDependency section */
	};
	rootObject = C72F2A4A2A94CA8B009BE133 /* Project object */;
}
