// !$*UTF8*$!
{
	archiveVersion = 1;
	classes = {
	};
	objectVersion = 56;
	objects = {

/* Begin PBXBuildFile section */
		C70A2FE12AB7BA4400C6A703 /* AppDelegate.swift in Sources */ = {isa = PBXBuildFile; fileRef = C70A2FE02AB7BA4400C6A703 /* AppDelegate.swift */; };
		C70A2FE32AB7BA4400C6A703 /* SceneDelegate.swift in Sources */ = {isa = PBXBuildFile; fileRef = C70A2FE22AB7BA4400C6A703 /* SceneDelegate.swift */; };
		C70A2FE52AB7BA4400C6A703 /* ConfigurationViewController.swift in Sources */ = {isa = PBXBuildFile; fileRef = C70A2FE42AB7BA4400C6A703 /* ConfigurationViewController.swift */; };
		C70A2FE82AB7BA4400C6A703 /* Main.storyboard in Resources */ = {isa = PBXBuildFile; fileRef = C70A2FE62AB7BA4400C6A703 /* Main.storyboard */; };
		C70A2FEA2AB7BA4500C6A703 /* Assets.xcassets in Resources */ = {isa = PBXBuildFile; fileRef = C70A2FE92AB7BA4500C6A703 /* Assets.xcassets */; };
		C70A2FED2AB7BA4500C6A703 /* LaunchScreen.storyboard in Resources */ = {isa = PBXBuildFile; fileRef = C70A2FEB2AB7BA4500C6A703 /* LaunchScreen.storyboard */; };
		C70A2FF52AB7D06000C6A703 /* SettingDataSource.swift in Sources */ = {isa = PBXBuildFile; fileRef = C70A2FF42AB7D06000C6A703 /* SettingDataSource.swift */; };
/* End PBXBuildFile section */

/* Begin PBXFileReference section */
		C70A2FDD2AB7BA4400C6A703 /* DiffableTest.app */ = {isa = PBXFileReference; explicitFileType = wrapper.application; includeInIndex = 0; path = DiffableTest.app; sourceTree = BUILT_PRODUCTS_DIR; };
		C70A2FE02AB7BA4400C6A703 /* AppDelegate.swift */ = {isa = PBXFileReference; lastKnownFileType = sourcecode.swift; path = AppDelegate.swift; sourceTree = "<group>"; };
		C70A2FE22AB7BA4400C6A703 /* SceneDelegate.swift */ = {isa = PBXFileReference; lastKnownFileType = sourcecode.swift; path = SceneDelegate.swift; sourceTree = "<group>"; };
		C70A2FE42AB7BA4400C6A703 /* ConfigurationViewController.swift */ = {isa = PBXFileReference; lastKnownFileType = sourcecode.swift; path = ConfigurationViewController.swift; sourceTree = "<group>"; };
		C70A2FE72AB7BA4400C6A703 /* Base */ = {isa = PBXFileReference; lastKnownFileType = file.storyboard; name = Base; path = Base.lproj/Main.storyboard; sourceTree = "<group>"; };
		C70A2FE92AB7BA4500C6A703 /* Assets.xcassets */ = {isa = PBXFileReference; lastKnownFileType = folder.assetcatalog; path = Assets.xcassets; sourceTree = "<group>"; };
		C70A2FEC2AB7BA4500C6A703 /* Base */ = {isa = PBXFileReference; lastKnownFileType = file.storyboard; name = Base; path = Base.lproj/LaunchScreen.storyboard; sourceTree = "<group>"; };
		C70A2FEE2AB7BA4500C6A703 /* Info.plist */ = {isa = PBXFileReference; lastKnownFileType = text.plist.xml; path = Info.plist; sourceTree = "<group>"; };
		C70A2FF42AB7D06000C6A703 /* SettingDataSource.swift */ = {isa = PBXFileReference; lastKnownFileType = sourcecode.swift; path = SettingDataSource.swift; sourceTree = "<group>"; };
/* End PBXFileReference section */

/* Begin PBXFrameworksBuildPhase section */
		C70A2FDA2AB7BA4400C6A703 /* Frameworks */ = {
			isa = PBXFrameworksBuildPhase;
			buildActionMask = 2147483647;
			files = (
			);
			runOnlyForDeploymentPostprocessing = 0;
		};
/* End PBXFrameworksBuildPhase section */

/* Begin PBXGroup section */
		C70A2FD42AB7BA4400C6A703 = {
			isa = PBXGroup;
			children = (
				C70A2FDF2AB7BA4400C6A703 /* DiffableTest */,
				C70A2FDE2AB7BA4400C6A703 /* Products */,
			);
			sourceTree = "<group>";
		};
		C70A2FDE2AB7BA4400C6A703 /* Products */ = {
			isa = PBXGroup;
			children = (
				C70A2FDD2AB7BA4400C6A703 /* DiffableTest.app */,
			);
			name = Products;
			sourceTree = "<group>";
		};
		C70A2FDF2AB7BA4400C6A703 /* DiffableTest */ = {
			isa = PBXGroup;
			children = (
				C70A2FE02AB7BA4400C6A703 /* AppDelegate.swift */,
				C70A2FE22AB7BA4400C6A703 /* SceneDelegate.swift */,
				C70A2FE42AB7BA4400C6A703 /* ConfigurationViewController.swift */,
				C70A2FE62AB7BA4400C6A703 /* Main.storyboard */,
				C70A2FE92AB7BA4500C6A703 /* Assets.xcassets */,
				C70A2FEB2AB7BA4500C6A703 /* LaunchScreen.storyboard */,
				C70A2FEE2AB7BA4500C6A703 /* Info.plist */,
				C70A2FF42AB7D06000C6A703 /* SettingDataSource.swift */,
			);
			path = DiffableTest;
			sourceTree = "<group>";
		};
/* End PBXGroup section */

/* Begin PBXNativeTarget section */
		C70A2FDC2AB7BA4400C6A703 /* DiffableTest */ = {
			isa = PBXNativeTarget;
			buildConfigurationList = C70A2FF12AB7BA4500C6A703 /* Build configuration list for PBXNativeTarget "DiffableTest" */;
			buildPhases = (
				C70A2FD92AB7BA4400C6A703 /* Sources */,
				C70A2FDA2AB7BA4400C6A703 /* Frameworks */,
				C70A2FDB2AB7BA4400C6A703 /* Resources */,
			);
			buildRules = (
			);
			dependencies = (
			);
			name = DiffableTest;
			productName = DiffableTest;
			productReference = C70A2FDD2AB7BA4400C6A703 /* DiffableTest.app */;
			productType = "com.apple.product-type.application";
		};
/* End PBXNativeTarget section */

/* Begin PBXProject section */
		C70A2FD52AB7BA4400C6A703 /* Project object */ = {
			isa = PBXProject;
			attributes = {
				BuildIndependentTargetsInParallel = 1;
				LastSwiftUpdateCheck = 1430;
				LastUpgradeCheck = 1430;
				TargetAttributes = {
					C70A2FDC2AB7BA4400C6A703 = {
						CreatedOnToolsVersion = 14.3.1;
					};
				};
			};
			buildConfigurationList = C70A2FD82AB7BA4400C6A703 /* Build configuration list for PBXProject "DiffableTest" */;
			compatibilityVersion = "Xcode 14.0";
			developmentRegion = en;
			hasScannedForEncodings = 0;
			knownRegions = (
				en,
				Base,
			);
			mainGroup = C70A2FD42AB7BA4400C6A703;
			productRefGroup = C70A2FDE2AB7BA4400C6A703 /* Products */;
			projectDirPath = "";
			projectRoot = "";
			targets = (
				C70A2FDC2AB7BA4400C6A703 /* DiffableTest */,
			);
		};
/* End PBXProject section */

/* Begin PBXResourcesBuildPhase section */
		C70A2FDB2AB7BA4400C6A703 /* Resources */ = {
			isa = PBXResourcesBuildPhase;
			buildActionMask = 2147483647;
			files = (
				C70A2FED2AB7BA4500C6A703 /* LaunchScreen.storyboard in Resources */,
				C70A2FEA2AB7BA4500C6A703 /* Assets.xcassets in Resources */,
				C70A2FE82AB7BA4400C6A703 /* Main.storyboard in Resources */,
			);
			runOnlyForDeploymentPostprocessing = 0;
		};
/* End PBXResourcesBuildPhase section */

/* Begin PBXSourcesBuildPhase section */
		C70A2FD92AB7BA4400C6A703 /* Sources */ = {
			isa = PBXSourcesBuildPhase;
			buildActionMask = 2147483647;
			files = (
				C70A2FE52AB7BA4400C6A703 /* ConfigurationViewController.swift in Sources */,
				C70A2FE12AB7BA4400C6A703 /* AppDelegate.swift in Sources */,
				C70A2FE32AB7BA4400C6A703 /* SceneDelegate.swift in Sources */,
				C70A2FF52AB7D06000C6A703 /* SettingDataSource.swift in Sources */,
			);
			runOnlyForDeploymentPostprocessing = 0;
		};
/* End PBXSourcesBuildPhase section */

/* Begin PBXVariantGroup section */
		C70A2FE62AB7BA4400C6A703 /* Main.storyboard */ = {
			isa = PBXVariantGroup;
			children = (
				C70A2FE72AB7BA4400C6A703 /* Base */,
			);
			name = Main.storyboard;
			sourceTree = "<group>";
		};
		C70A2FEB2AB7BA4500C6A703 /* LaunchScreen.storyboard */ = {
			isa = PBXVariantGroup;
			children = (
				C70A2FEC2AB7BA4500C6A703 /* Base */,
			);
			name = LaunchScreen.storyboard;
			sourceTree = "<group>";
		};
/* End PBXVariantGroup section */

/* Begin XCBuildConfiguration section */
		C70A2FEF2AB7BA4500C6A703 /* Debug */ = {
			isa = XCBuildConfiguration;
			buildSettings = {
				ALWAYS_SEARCH_USER_PATHS = NO;
				CLANG_ANALYZER_NONNULL = YES;
				CLANG_ANALYZER_NUMBER_OBJECT_CONVERSION = YES_AGGRESSIVE;
				CLANG_CXX_LANGUAGE_STANDARD = "gnu++20";
				CLANG_ENABLE_MODULES = YES;
				CLANG_ENABLE_OBJC_ARC = YES;
				CLANG_ENABLE_OBJC_WEAK = YES;
				CLANG_WARN_BLOCK_CAPTURE_AUTORELEASING = YES;
				CLANG_WARN_BOOL_CONVERSION = YES;
				CLANG_WARN_COMMA = YES;
				CLANG_WARN_CONSTANT_CONVERSION = YES;
				CLANG_WARN_DEPRECATED_OBJC_IMPLEMENTATIONS = YES;
				CLANG_WARN_DIRECT_OBJC_ISA_USAGE = YES_ERROR;
				CLANG_WARN_DOCUMENTATION_COMMENTS = YES;
				CLANG_WARN_EMPTY_BODY = YES;
				CLANG_WARN_ENUM_CONVERSION = YES;
				CLANG_WARN_INFINITE_RECURSION = YES;
				CLANG_WARN_INT_CONVERSION = YES;
				CLANG_WARN_NON_LITERAL_NULL_CONVERSION = YES;
				CLANG_WARN_OBJC_IMPLICIT_RETAIN_SELF = YES;
				CLANG_WARN_OBJC_LITERAL_CONVERSION = YES;
				CLANG_WARN_OBJC_ROOT_CLASS = YES_ERROR;
				CLANG_WARN_QUOTED_INCLUDE_IN_FRAMEWORK_HEADER = YES;
				CLANG_WARN_RANGE_LOOP_ANALYSIS = YES;
				CLANG_WARN_STRICT_PROTOTYPES = YES;
				CLANG_WARN_SUSPICIOUS_MOVE = YES;
				CLANG_WARN_UNGUARDED_AVAILABILITY = YES_AGGRESSIVE;
				CLANG_WARN_UNREACHABLE_CODE = YES;
				CLANG_WARN__DUPLICATE_METHOD_MATCH = YES;
				COPY_PHASE_STRIP = NO;
				DEBUG_INFORMATION_FORMAT = dwarf;
				ENABLE_STRICT_OBJC_MSGSEND = YES;
				ENABLE_TESTABILITY = YES;
				GCC_C_LANGUAGE_STANDARD = gnu11;
				GCC_DYNAMIC_NO_PIC = NO;
				GCC_NO_COMMON_BLOCKS = YES;
				GCC_OPTIMIZATION_LEVEL = 0;
				GCC_PREPROCESSOR_DEFINITIONS = (
					"DEBUG=1",
					"$(inherited)",
				);
				GCC_WARN_64_TO_32_BIT_CONVERSION = YES;
				GCC_WARN_ABOUT_RETURN_TYPE = YES_ERROR;
				GCC_WARN_UNDECLARED_SELECTOR = YES;
				GCC_WARN_UNINITIALIZED_AUTOS = YES_AGGRESSIVE;
				GCC_WARN_UNUSED_FUNCTION = YES;
				GCC_WARN_UNUSED_VARIABLE = YES;
				IPHONEOS_DEPLOYMENT_TARGET = 16.4;
				MTL_ENABLE_DEBUG_INFO = INCLUDE_SOURCE;
				MTL_FAST_MATH = YES;
				ONLY_ACTIVE_ARCH = YES;
				SDKROOT = iphoneos;
				SWIFT_ACTIVE_COMPILATION_CONDITIONS = DEBUG;
				SWIFT_OPTIMIZATION_LEVEL = "-Onone";
			};
			name = Debug;
		};
		C70A2FF02AB7BA4500C6A703 /* Release */ = {
			isa = XCBuildConfiguration;
			buildSettings = {
				ALWAYS_SEARCH_USER_PATHS = NO;
				CLANG_ANALYZER_NONNULL = YES;
				CLANG_ANALYZER_NUMBER_OBJECT_CONVERSION = YES_AGGRESSIVE;
				CLANG_CXX_LANGUAGE_STANDARD = "gnu++20";
				CLANG_ENABLE_MODULES = YES;
				CLANG_ENABLE_OBJC_ARC = YES;
				CLANG_ENABLE_OBJC_WEAK = YES;
				CLANG_WARN_BLOCK_CAPTURE_AUTORELEASING = YES;
				CLANG_WARN_BOOL_CONVERSION = YES;
				CLANG_WARN_COMMA = YES;
				CLANG_WARN_CONSTANT_CONVERSION = YES;
				CLANG_WARN_DEPRECATED_OBJC_IMPLEMENTATIONS = YES;
				CLANG_WARN_DIRECT_OBJC_ISA_USAGE = YES_ERROR;
				CLANG_WARN_DOCUMENTATION_COMMENTS = YES;
				CLANG_WARN_EMPTY_BODY = YES;
				CLANG_WARN_ENUM_CONVERSION = YES;
				CLANG_WARN_INFINITE_RECURSION = YES;
				CLANG_WARN_INT_CONVERSION = YES;
				CLANG_WARN_NON_LITERAL_NULL_CONVERSION = YES;
				CLANG_WARN_OBJC_IMPLICIT_RETAIN_SELF = YES;
				CLANG_WARN_OBJC_LITERAL_CONVERSION = YES;
				CLANG_WARN_OBJC_ROOT_CLASS = YES_ERROR;
				CLANG_WARN_QUOTED_INCLUDE_IN_FRAMEWORK_HEADER = YES;
				CLANG_WARN_RANGE_LOOP_ANALYSIS = YES;
				CLANG_WARN_STRICT_PROTOTYPES = YES;
				CLANG_WARN_SUSPICIOUS_MOVE = YES;
				CLANG_WARN_UNGUARDED_AVAILABILITY = YES_AGGRESSIVE;
				CLANG_WARN_UNREACHABLE_CODE = YES;
				CLANG_WARN__DUPLICATE_METHOD_MATCH = YES;
				COPY_PHASE_STRIP = NO;
				DEBUG_INFORMATION_FORMAT = "dwarf-with-dsym";
				ENABLE_NS_ASSERTIONS = NO;
				ENABLE_STRICT_OBJC_MSGSEND = YES;
				GCC_C_LANGUAGE_STANDARD = gnu11;
				GCC_NO_COMMON_BLOCKS = YES;
				GCC_WARN_64_TO_32_BIT_CONVERSION = YES;
				GCC_WARN_ABOUT_RETURN_TYPE = YES_ERROR;
				GCC_WARN_UNDECLARED_SELECTOR = YES;
				GCC_WARN_UNINITIALIZED_AUTOS = YES_AGGRESSIVE;
				GCC_WARN_UNUSED_FUNCTION = YES;
				GCC_WARN_UNUSED_VARIABLE = YES;
				IPHONEOS_DEPLOYMENT_TARGET = 16.4;
				MTL_ENABLE_DEBUG_INFO = NO;
				MTL_FAST_MATH = YES;
				SDKROOT = iphoneos;
				SWIFT_COMPILATION_MODE = wholemodule;
				SWIFT_OPTIMIZATION_LEVEL = "-O";
				VALIDATE_PRODUCT = YES;
			};
			name = Release;
		};
		C70A2FF22AB7BA4500C6A703 /* Debug */ = {
			isa = XCBuildConfiguration;
			buildSettings = {
				ASSETCATALOG_COMPILER_APPICON_NAME = AppIcon;
				ASSETCATALOG_COMPILER_GLOBAL_ACCENT_COLOR_NAME = AccentColor;
				CODE_SIGN_STYLE = Automatic;
				CURRENT_PROJECT_VERSION = 1;
				DEVELOPMENT_TEAM = SBAHW5F54N;
				GENERATE_INFOPLIST_FILE = YES;
				INFOPLIST_FILE = DiffableTest/Info.plist;
				INFOPLIST_KEY_UIApplicationSupportsIndirectInputEvents = YES;
				INFOPLIST_KEY_UILaunchStoryboardName = LaunchScreen;
				INFOPLIST_KEY_UIMainStoryboardFile = Main;
				INFOPLIST_KEY_UISupportedInterfaceOrientations_iPad = "UIInterfaceOrientationPortrait UIInterfaceOrientationPortraitUpsideDown UIInterfaceOrientationLandscapeLeft UIInterfaceOrientationLandscapeRight";
				INFOPLIST_KEY_UISupportedInterfaceOrientations_iPhone = "UIInterfaceOrientationPortrait UIInterfaceOrientationLandscapeLeft UIInterfaceOrientationLandscapeRight";
				LD_RUNPATH_SEARCH_PATHS = (
					"$(inherited)",
					"@executable_path/Frameworks",
				);
				MARKETING_VERSION = 1.0;
				PRODUCT_BUNDLE_IDENTIFIER = com.kimjunhwan.DiffableTest;
				PRODUCT_NAME = "$(TARGET_NAME)";
				SWIFT_EMIT_LOC_STRINGS = YES;
				SWIFT_VERSION = 5.0;
				TARGETED_DEVICE_FAMILY = "1,2";
			};
			name = Debug;
		};
		C70A2FF32AB7BA4500C6A703 /* Release */ = {
			isa = XCBuildConfiguration;
			buildSettings = {
				ASSETCATALOG_COMPILER_APPICON_NAME = AppIcon;
				ASSETCATALOG_COMPILER_GLOBAL_ACCENT_COLOR_NAME = AccentColor;
				CODE_SIGN_STYLE = Automatic;
				CURRENT_PROJECT_VERSION = 1;
				DEVELOPMENT_TEAM = SBAHW5F54N;
				GENERATE_INFOPLIST_FILE = YES;
				INFOPLIST_FILE = DiffableTest/Info.plist;
				INFOPLIST_KEY_UIApplicationSupportsIndirectInputEvents = YES;
				INFOPLIST_KEY_UILaunchStoryboardName = LaunchScreen;
				INFOPLIST_KEY_UIMainStoryboardFile = Main;
				INFOPLIST_KEY_UISupportedInterfaceOrientations_iPad = "UIInterfaceOrientationPortrait UIInterfaceOrientationPortraitUpsideDown UIInterfaceOrientationLandscapeLeft UIInterfaceOrientationLandscapeRight";
				INFOPLIST_KEY_UISupportedInterfaceOrientations_iPhone = "UIInterfaceOrientationPortrait UIInterfaceOrientationLandscapeLeft UIInterfaceOrientationLandscapeRight";
				LD_RUNPATH_SEARCH_PATHS = (
					"$(inherited)",
					"@executable_path/Frameworks",
				);
				MARKETING_VERSION = 1.0;
				PRODUCT_BUNDLE_IDENTIFIER = com.kimjunhwan.DiffableTest;
				PRODUCT_NAME = "$(TARGET_NAME)";
				SWIFT_EMIT_LOC_STRINGS = YES;
				SWIFT_VERSION = 5.0;
				TARGETED_DEVICE_FAMILY = "1,2";
			};
			name = Release;
		};
/* End XCBuildConfiguration section */

/* Begin XCConfigurationList section */
		C70A2FD82AB7BA4400C6A703 /* Build configuration list for PBXProject "DiffableTest" */ = {
			isa = XCConfigurationList;
			buildConfigurations = (
				C70A2FEF2AB7BA4500C6A703 /* Debug */,
				C70A2FF02AB7BA4500C6A703 /* Release */,
			);
			defaultConfigurationIsVisible = 0;
			defaultConfigurationName = Release;
		};
		C70A2FF12AB7BA4500C6A703 /* Build configuration list for PBXNativeTarget "DiffableTest" */ = {
			isa = XCConfigurationList;
			buildConfigurations = (
				C70A2FF22AB7BA4500C6A703 /* Debug */,
				C70A2FF32AB7BA4500C6A703 /* Release */,
			);
			defaultConfigurationIsVisible = 0;
			defaultConfigurationName = Release;
		};
/* End XCConfigurationList section */
	};
	rootObject = C70A2FD52AB7BA4400C6A703 /* Project object */;
}
